// !$*UTF8*$!
{
	archiveVersion = 1;
	classes = {
	};
	objectVersion = 50;
	objects = {

/* Begin PBXBuildFile section */
		64AE6CD026D72E940025749D /* AppDelegate.swift in Sources */ = {isa = PBXBuildFile; fileRef = 64AE6CCF26D72E940025749D /* AppDelegate.swift */; };
		64AE6CD226D72E940025749D /* SceneDelegate.swift in Sources */ = {isa = PBXBuildFile; fileRef = 64AE6CD126D72E940025749D /* SceneDelegate.swift */; };
		64AE6CD426D72E940025749D /* ViewController.swift in Sources */ = {isa = PBXBuildFile; fileRef = 64AE6CD326D72E940025749D /* ViewController.swift */; };
		64AE6CD726D72E940025749D /* Main.storyboard in Resources */ = {isa = PBXBuildFile; fileRef = 64AE6CD526D72E940025749D /* Main.storyboard */; };
		64AE6CD926D72E940025749D /* Assets.xcassets in Resources */ = {isa = PBXBuildFile; fileRef = 64AE6CD826D72E940025749D /* Assets.xcassets */; };
		64AE6CDC26D72E940025749D /* LaunchScreen.storyboard in Resources */ = {isa = PBXBuildFile; fileRef = 64AE6CDA26D72E940025749D /* LaunchScreen.storyboard */; };
		64AE6CE726D72E940025749D /* FlixTests.swift in Sources */ = {isa = PBXBuildFile; fileRef = 64AE6CE626D72E940025749D /* FlixTests.swift */; };
		64AE6CF226D72E940025749D /* FlixUITests.swift in Sources */ = {isa = PBXBuildFile; fileRef = 64AE6CF126D72E940025749D /* FlixUITests.swift */; };
/* End PBXBuildFile section */

/* Begin PBXContainerItemProxy section */
		64AE6CE326D72E940025749D /* PBXContainerItemProxy */ = {
			isa = PBXContainerItemProxy;
			containerPortal = 64AE6CC426D72E940025749D /* Project object */;
			proxyType = 1;
			remoteGlobalIDString = 64AE6CCB26D72E940025749D;
			remoteInfo = Flix;
		};
		64AE6CEE26D72E940025749D /* PBXContainerItemProxy */ = {
			isa = PBXContainerItemProxy;
			containerPortal = 64AE6CC426D72E940025749D /* Project object */;
			proxyType = 1;
			remoteGlobalIDString = 64AE6CCB26D72E940025749D;
			remoteInfo = Flix;
		};
/* End PBXContainerItemProxy section */

/* Begin PBXFileReference section */
		64AE6CCC26D72E940025749D /* Flix.app */ = {isa = PBXFileReference; explicitFileType = wrapper.application; includeInIndex = 0; path = Flix.app; sourceTree = BUILT_PRODUCTS_DIR; };
		64AE6CCF26D72E940025749D /* AppDelegate.swift */ = {isa = PBXFileReference; lastKnownFileType = sourcecode.swift; path = AppDelegate.swift; sourceTree = "<group>"; };
		64AE6CD126D72E940025749D /* SceneDelegate.swift */ = {isa = PBXFileReference; lastKnownFileType = sourcecode.swift; path = SceneDelegate.swift; sourceTree = "<group>"; };
		64AE6CD326D72E940025749D /* ViewController.swift */ = {isa = PBXFileReference; lastKnownFileType = sourcecode.swift; path = ViewController.swift; sourceTree = "<group>"; };
		64AE6CD626D72E940025749D /* Base */ = {isa = PBXFileReference; lastKnownFileType = file.storyboard; name = Base; path = Base.lproj/Main.storyboard; sourceTree = "<group>"; };
		64AE6CD826D72E940025749D /* Assets.xcassets */ = {isa = PBXFileReference; lastKnownFileType = folder.assetcatalog; path = Assets.xcassets; sourceTree = "<group>"; };
		64AE6CDB26D72E940025749D /* Base */ = {isa = PBXFileReference; lastKnownFileType = file.storyboard; name = Base; path = Base.lproj/LaunchScreen.storyboard; sourceTree = "<group>"; };
		64AE6CDD26D72E940025749D /* Info.plist */ = {isa = PBXFileReference; lastKnownFileType = text.plist.xml; path = Info.plist; sourceTree = "<group>"; };
		64AE6CE226D72E940025749D /* FlixTests.xctest */ = {isa = PBXFileReference; explicitFileType = wrapper.cfbundle; includeInIndex = 0; path = FlixTests.xctest; sourceTree = BUILT_PRODUCTS_DIR; };
		64AE6CE626D72E940025749D /* FlixTests.swift */ = {isa = PBXFileReference; lastKnownFileType = sourcecode.swift; path = FlixTests.swift; sourceTree = "<group>"; };
		64AE6CE826D72E940025749D /* Info.plist */ = {isa = PBXFileReference; lastKnownFileType = text.plist.xml; path = Info.plist; sourceTree = "<group>"; };
		64AE6CED26D72E940025749D /* FlixUITests.xctest */ = {isa = PBXFileReference; explicitFileType = wrapper.cfbundle; includeInIndex = 0; path = FlixUITests.xctest; sourceTree = BUILT_PRODUCTS_DIR; };
		64AE6CF126D72E940025749D /* FlixUITests.swift */ = {isa = PBXFileReference; lastKnownFileType = sourcecode.swift; path = FlixUITests.swift; sourceTree = "<group>"; };
		64AE6CF326D72E940025749D /* Info.plist */ = {isa = PBXFileReference; lastKnownFileType = text.plist.xml; path = Info.plist; sourceTree = "<group>"; };
/* End PBXFileReference section */

/* Begin PBXFrameworksBuildPhase section */
		64AE6CC926D72E940025749D /* Frameworks */ = {
			isa = PBXFrameworksBuildPhase;
			buildActionMask = 2147483647;
			files = (
			);
			runOnlyForDeploymentPostprocessing = 0;
		};
		64AE6CDF26D72E940025749D /* Frameworks */ = {
			isa = PBXFrameworksBuildPhase;
			buildActionMask = 2147483647;
			files = (
			);
			runOnlyForDeploymentPostprocessing = 0;
		};
		64AE6CEA26D72E940025749D /* Frameworks */ = {
			isa = PBXFrameworksBuildPhase;
			buildActionMask = 2147483647;
			files = (
			);
			runOnlyForDeploymentPostprocessing = 0;
		};
/* End PBXFrameworksBuildPhase section */

/* Begin PBXGroup section */
		64AE6CC326D72E940025749D = {
			isa = PBXGroup;
			children = (
				64AE6CCE26D72E940025749D /* Flix */,
				64AE6CE526D72E940025749D /* FlixTests */,
				64AE6CF026D72E940025749D /* FlixUITests */,
				64AE6CCD26D72E940025749D /* Products */,
			);
			sourceTree = "<group>";
		};
		64AE6CCD26D72E940025749D /* Products */ = {
			isa = PBXGroup;
			children = (
				64AE6CCC26D72E940025749D /* Flix.app */,
				64AE6CE226D72E940025749D /* FlixTests.xctest */,
				64AE6CED26D72E940025749D /* FlixUITests.xctest */,
			);
			name = Products;
			sourceTree = "<group>";
		};
		64AE6CCE26D72E940025749D /* Flix */ = {
			isa = PBXGroup;
			children = (
				64AE6CCF26D72E940025749D /* AppDelegate.swift */,
				64AE6CD126D72E940025749D /* SceneDelegate.swift */,
				64AE6CD326D72E940025749D /* ViewController.swift */,
				64AE6CD526D72E940025749D /* Main.storyboard */,
				64AE6CD826D72E940025749D /* Assets.xcassets */,
				64AE6CDA26D72E940025749D /* LaunchScreen.storyboard */,
				64AE6CDD26D72E940025749D /* Info.plist */,
			);
			path = Flix;
			sourceTree = "<group>";
		};
		64AE6CE526D72E940025749D /* FlixTests */ = {
			isa = PBXGroup;
			children = (
				64AE6CE626D72E940025749D /* FlixTests.swift */,
				64AE6CE826D72E940025749D /* Info.plist */,
			);
			path = FlixTests;
			sourceTree = "<group>";
		};
		64AE6CF026D72E940025749D /* FlixUITests */ = {
			isa = PBXGroup;
			children = (
				64AE6CF126D72E940025749D /* FlixUITests.swift */,
				64AE6CF326D72E940025749D /* Info.plist */,
			);
			path = FlixUITests;
			sourceTree = "<group>";
		};
/* End PBXGroup section */

/* Begin PBXNativeTarget section */
		64AE6CCB26D72E940025749D /* Flix */ = {
			isa = PBXNativeTarget;
			buildConfigurationList = 64AE6CF626D72E940025749D /* Build configuration list for PBXNativeTarget "Flix" */;
			buildPhases = (
				64AE6CC826D72E940025749D /* Sources */,
				64AE6CC926D72E940025749D /* Frameworks */,
				64AE6CCA26D72E940025749D /* Resources */,
			);
			buildRules = (
			);
			dependencies = (
			);
			name = Flix;
			productName = Flix;
			productReference = 64AE6CCC26D72E940025749D /* Flix.app */;
			productType = "com.apple.product-type.application";
		};
		64AE6CE126D72E940025749D /* FlixTests */ = {
			isa = PBXNativeTarget;
			buildConfigurationList = 64AE6CF926D72E940025749D /* Build configuration list for PBXNativeTarget "FlixTests" */;
			buildPhases = (
				64AE6CDE26D72E940025749D /* Sources */,
				64AE6CDF26D72E940025749D /* Frameworks */,
				64AE6CE026D72E940025749D /* Resources */,
			);
			buildRules = (
			);
			dependencies = (
				64AE6CE426D72E940025749D /* PBXTargetDependency */,
			);
			name = FlixTests;
			productName = FlixTests;
			productReference = 64AE6CE226D72E940025749D /* FlixTests.xctest */;
			productType = "com.apple.product-type.bundle.unit-test";
		};
		64AE6CEC26D72E940025749D /* FlixUITests */ = {
			isa = PBXNativeTarget;
			buildConfigurationList = 64AE6CFC26D72E940025749D /* Build configuration list for PBXNativeTarget "FlixUITests" */;
			buildPhases = (
				64AE6CE926D72E940025749D /* Sources */,
				64AE6CEA26D72E940025749D /* Frameworks */,
				64AE6CEB26D72E940025749D /* Resources */,
			);
			buildRules = (
			);
			dependencies = (
				64AE6CEF26D72E940025749D /* PBXTargetDependency */,
			);
			name = FlixUITests;
			productName = FlixUITests;
			productReference = 64AE6CED26D72E940025749D /* FlixUITests.xctest */;
			productType = "com.apple.product-type.bundle.ui-testing";
		};
/* End PBXNativeTarget section */

/* Begin PBXProject section */
		64AE6CC426D72E940025749D /* Project object */ = {
			isa = PBXProject;
			attributes = {
				LastSwiftUpdateCheck = 1250;
				LastUpgradeCheck = 1250;
				TargetAttributes = {
					64AE6CCB26D72E940025749D = {
						CreatedOnToolsVersion = 12.5.1;
					};
					64AE6CE126D72E940025749D = {
						CreatedOnToolsVersion = 12.5.1;
						TestTargetID = 64AE6CCB26D72E940025749D;
					};
					64AE6CEC26D72E940025749D = {
						CreatedOnToolsVersion = 12.5.1;
						TestTargetID = 64AE6CCB26D72E940025749D;
					};
				};
			};
			buildConfigurationList = 64AE6CC726D72E940025749D /* Build configuration list for PBXProject "Flix" */;
			compatibilityVersion = "Xcode 9.3";
			developmentRegion = en;
			hasScannedForEncodings = 0;
			knownRegions = (
				en,
				Base,
			);
			mainGroup = 64AE6CC326D72E940025749D;
			productRefGroup = 64AE6CCD26D72E940025749D /* Products */;
			projectDirPath = "";
			projectRoot = "";
			targets = (
				64AE6CCB26D72E940025749D /* Flix */,
				64AE6CE126D72E940025749D /* FlixTests */,
				64AE6CEC26D72E940025749D /* FlixUITests */,
			);
		};
/* End PBXProject section */

/* Begin PBXResourcesBuildPhase section */
		64AE6CCA26D72E940025749D /* Resources */ = {
			isa = PBXResourcesBuildPhase;
			buildActionMask = 2147483647;
			files = (
				64AE6CDC26D72E940025749D /* LaunchScreen.storyboard in Resources */,
				64AE6CD926D72E940025749D /* Assets.xcassets in Resources */,
				64AE6CD726D72E940025749D /* Main.storyboard in Resources */,
			);
			runOnlyForDeploymentPostprocessing = 0;
		};
		64AE6CE026D72E940025749D /* Resources */ = {
			isa = PBXResourcesBuildPhase;
			buildActionMask = 2147483647;
			files = (
			);
			runOnlyForDeploymentPostprocessing = 0;
		};
		64AE6CEB26D72E940025749D /* Resources */ = {
			isa = PBXResourcesBuildPhase;
			buildActionMask = 2147483647;
			files = (
			);
			runOnlyForDeploymentPostprocessing = 0;
		};
/* End PBXResourcesBuildPhase section */

/* Begin PBXSourcesBuildPhase section */
		64AE6CC826D72E940025749D /* Sources */ = {
			isa = PBXSourcesBuildPhase;
			buildActionMask = 2147483647;
			files = (
				64AE6CD426D72E940025749D /* ViewController.swift in Sources */,
				64AE6CD026D72E940025749D /* AppDelegate.swift in Sources */,
				64AE6CD226D72E940025749D /* SceneDelegate.swift in Sources */,
			);
			runOnlyForDeploymentPostprocessing = 0;
		};
		64AE6CDE26D72E940025749D /* Sources */ = {
			isa = PBXSourcesBuildPhase;
			buildActionMask = 2147483647;
			files = (
				64AE6CE726D72E940025749D /* FlixTests.swift in Sources */,
			);
			runOnlyForDeploymentPostprocessing = 0;
		};
		64AE6CE926D72E940025749D /* Sources */ = {
			isa = PBXSourcesBuildPhase;
			buildActionMask = 2147483647;
			files = (
				64AE6CF226D72E940025749D /* FlixUITests.swift in Sources */,
			);
			runOnlyForDeploymentPostprocessing = 0;
		};
/* End PBXSourcesBuildPhase section */

/* Begin PBXTargetDependency section */
		64AE6CE426D72E940025749D /* PBXTargetDependency */ = {
			isa = PBXTargetDependency;
			target = 64AE6CCB26D72E940025749D /* Flix */;
			targetProxy = 64AE6CE326D72E940025749D /* PBXContainerItemProxy */;
		};
		64AE6CEF26D72E940025749D /* PBXTargetDependency */ = {
			isa = PBXTargetDependency;
			target = 64AE6CCB26D72E940025749D /* Flix */;
			targetProxy = 64AE6CEE26D72E940025749D /* PBXContainerItemProxy */;
		};
/* End PBXTargetDependency section */

/* Begin PBXVariantGroup section */
		64AE6CD526D72E940025749D /* Main.storyboard */ = {
			isa = PBXVariantGroup;
			children = (
				64AE6CD626D72E940025749D /* Base */,
			);
			name = Main.storyboard;
			sourceTree = "<group>";
		};
		64AE6CDA26D72E940025749D /* LaunchScreen.storyboard */ = {
			isa = PBXVariantGroup;
			children = (
				64AE6CDB26D72E940025749D /* Base */,
			);
			name = LaunchScreen.storyboard;
			sourceTree = "<group>";
		};
/* End PBXVariantGroup section */

/* Begin XCBuildConfiguration section */
		64AE6CF426D72E940025749D /* Debug */ = {
			isa = XCBuildConfiguration;
			buildSettings = {
				ALWAYS_SEARCH_USER_PATHS = NO;
				CLANG_ANALYZER_NONNULL = YES;
				CLANG_ANALYZER_NUMBER_OBJECT_CONVERSION = YES_AGGRESSIVE;
				CLANG_CXX_LANGUAGE_STANDARD = "gnu++14";
				CLANG_CXX_LIBRARY = "libc++";
				CLANG_ENABLE_MODULES = YES;
				CLANG_ENABLE_OBJC_ARC = YES;
				CLANG_ENABLE_OBJC_WEAK = YES;
				CLANG_WARN_BLOCK_CAPTURE_AUTORELEASING = YES;
				CLANG_WARN_BOOL_CONVERSION = YES;
				CLANG_WARN_COMMA = YES;
				CLANG_WARN_CONSTANT_CONVERSION = YES;
				CLANG_WARN_DEPRECATED_OBJC_IMPLEMENTATIONS = YES;
				CLANG_WARN_DIRECT_OBJC_ISA_USAGE = YES_ERROR;
				CLANG_WARN_DOCUMENTATION_COMMENTS = YES;
				CLANG_WARN_EMPTY_BODY = YES;
				CLANG_WARN_ENUM_CONVERSION = YES;
				CLANG_WARN_INFINITE_RECURSION = YES;
				CLANG_WARN_INT_CONVERSION = YES;
				CLANG_WARN_NON_LITERAL_NULL_CONVERSION = YES;
				CLANG_WARN_OBJC_IMPLICIT_RETAIN_SELF = YES;
				CLANG_WARN_OBJC_LITERAL_CONVERSION = YES;
				CLANG_WARN_OBJC_ROOT_CLASS = YES_ERROR;
				CLANG_WARN_QUOTED_INCLUDE_IN_FRAMEWORK_HEADER = YES;
				CLANG_WARN_RANGE_LOOP_ANALYSIS = YES;
				CLANG_WARN_STRICT_PROTOTYPES = YES;
				CLANG_WARN_SUSPICIOUS_MOVE = YES;
				CLANG_WARN_UNGUARDED_AVAILABILITY = YES_AGGRESSIVE;
				CLANG_WARN_UNREACHABLE_CODE = YES;
				CLANG_WARN__DUPLICATE_METHOD_MATCH = YES;
				COPY_PHASE_STRIP = NO;
				DEBUG_INFORMATION_FORMAT = dwarf;
				ENABLE_STRICT_OBJC_MSGSEND = YES;
				ENABLE_TESTABILITY = YES;
				GCC_C_LANGUAGE_STANDARD = gnu11;
				GCC_DYNAMIC_NO_PIC = NO;
				GCC_NO_COMMON_BLOCKS = YES;
				GCC_OPTIMIZATION_LEVEL = 0;
				GCC_PREPROCESSOR_DEFINITIONS = (
					"DEBUG=1",
					"$(inherited)",
				);
				GCC_WARN_64_TO_32_BIT_CONVERSION = YES;
				GCC_WARN_ABOUT_RETURN_TYPE = YES_ERROR;
				GCC_WARN_UNDECLARED_SELECTOR = YES;
				GCC_WARN_UNINITIALIZED_AUTOS = YES_AGGRESSIVE;
				GCC_WARN_UNUSED_FUNCTION = YES;
				GCC_WARN_UNUSED_VARIABLE = YES;
				IPHONEOS_DEPLOYMENT_TARGET = 14.5;
				MTL_ENABLE_DEBUG_INFO = INCLUDE_SOURCE;
				MTL_FAST_MATH = YES;
				ONLY_ACTIVE_ARCH = YES;
				SDKROOT = iphoneos;
				SWIFT_ACTIVE_COMPILATION_CONDITIONS = DEBUG;
				SWIFT_OPTIMIZATION_LEVEL = "-Onone";
			};
			name = Debug;
		};
		64AE6CF526D72E940025749D /* Release */ = {
			isa = XCBuildConfiguration;
			buildSettings = {
				ALWAYS_SEARCH_USER_PATHS = NO;
				CLANG_ANALYZER_NONNULL = YES;
				CLANG_ANALYZER_NUMBER_OBJECT_CONVERSION = YES_AGGRESSIVE;
				CLANG_CXX_LANGUAGE_STANDARD = "gnu++14";
				CLANG_CXX_LIBRARY = "libc++";
				CLANG_ENABLE_MODULES = YES;
				CLANG_ENABLE_OBJC_ARC = YES;
				CLANG_ENABLE_OBJC_WEAK = YES;
				CLANG_WARN_BLOCK_CAPTURE_AUTORELEASING = YES;
				CLANG_WARN_BOOL_CONVERSION = YES;
				CLANG_WARN_COMMA = YES;
				CLANG_WARN_CONSTANT_CONVERSION = YES;
				CLANG_WARN_DEPRECATED_OBJC_IMPLEMENTATIONS = YES;
				CLANG_WARN_DIRECT_OBJC_ISA_USAGE = YES_ERROR;
				CLANG_WARN_DOCUMENTATION_COMMENTS = YES;
				CLANG_WARN_EMPTY_BODY = YES;
				CLANG_WARN_ENUM_CONVERSION = YES;
				CLANG_WARN_INFINITE_RECURSION = YES;
				CLANG_WARN_INT_CONVERSION = YES;
				CLANG_WARN_NON_LITERAL_NULL_CONVERSION = YES;
				CLANG_WARN_OBJC_IMPLICIT_RETAIN_SELF = YES;
				CLANG_WARN_OBJC_LITERAL_CONVERSION = YES;
				CLANG_WARN_OBJC_ROOT_CLASS = YES_ERROR;
				CLANG_WARN_QUOTED_INCLUDE_IN_FRAMEWORK_HEADER = YES;
				CLANG_WARN_RANGE_LOOP_ANALYSIS = YES;
				CLANG_WARN_STRICT_PROTOTYPES = YES;
				CLANG_WARN_SUSPICIOUS_MOVE = YES;
				CLANG_WARN_UNGUARDED_AVAILABILITY = YES_AGGRESSIVE;
				CLANG_WARN_UNREACHABLE_CODE = YES;
				CLANG_WARN__DUPLICATE_METHOD_MATCH = YES;
				COPY_PHASE_STRIP = NO;
				DEBUG_INFORMATION_FORMAT = "dwarf-with-dsym";
				ENABLE_NS_ASSERTIONS = NO;
				ENABLE_STRICT_OBJC_MSGSEND = YES;
				GCC_C_LANGUAGE_STANDARD = gnu11;
				GCC_NO_COMMON_BLOCKS = YES;
				GCC_WARN_64_TO_32_BIT_CONVERSION = YES;
				GCC_WARN_ABOUT_RETURN_TYPE = YES_ERROR;
				GCC_WARN_UNDECLARED_SELECTOR = YES;
				GCC_WARN_UNINITIALIZED_AUTOS = YES_AGGRESSIVE;
				GCC_WARN_UNUSED_FUNCTION = YES;
				GCC_WARN_UNUSED_VARIABLE = YES;
				IPHONEOS_DEPLOYMENT_TARGET = 14.5;
				MTL_ENABLE_DEBUG_INFO = NO;
				MTL_FAST_MATH = YES;
				SDKROOT = iphoneos;
				SWIFT_COMPILATION_MODE = wholemodule;
				SWIFT_OPTIMIZATION_LEVEL = "-O";
				VALIDATE_PRODUCT = YES;
			};
			name = Release;
		};
		64AE6CF726D72E940025749D /* Debug */ = {
			isa = XCBuildConfiguration;
			buildSettings = {
				ASSETCATALOG_COMPILER_APPICON_NAME = AppIcon;
				ASSETCATALOG_COMPILER_GLOBAL_ACCENT_COLOR_NAME = AccentColor;
				CODE_SIGN_STYLE = Automatic;
				INFOPLIST_FILE = Flix/Info.plist;
				LD_RUNPATH_SEARCH_PATHS = (
					"$(inherited)",
					"@executable_path/Frameworks",
				);
				PRODUCT_BUNDLE_IDENTIFIER = fangmichael11.Flix;
				PRODUCT_NAME = "$(TARGET_NAME)";
				SWIFT_VERSION = 5.0;
				TARGETED_DEVICE_FAMILY = "1,2";
			};
			name = Debug;
		};
		64AE6CF826D72E940025749D /* Release */ = {
			isa = XCBuildConfiguration;
			buildSettings = {
				ASSETCATALOG_COMPILER_APPICON_NAME = AppIcon;
				ASSETCATALOG_COMPILER_GLOBAL_ACCENT_COLOR_NAME = AccentColor;
				CODE_SIGN_STYLE = Automatic;
				INFOPLIST_FILE = Flix/Info.plist;
				LD_RUNPATH_SEARCH_PATHS = (
					"$(inherited)",
					"@executable_path/Frameworks",
				);
				PRODUCT_BUNDLE_IDENTIFIER = fangmichael11.Flix;
				PRODUCT_NAME = "$(TARGET_NAME)";
				SWIFT_VERSION = 5.0;
				TARGETED_DEVICE_FAMILY = "1,2";
			};
			name = Release;
		};
		64AE6CFA26D72E940025749D /* Debug */ = {
			isa = XCBuildConfiguration;
			buildSettings = {
				ALWAYS_EMBED_SWIFT_STANDARD_LIBRARIES = YES;
				BUNDLE_LOADER = "$(TEST_HOST)";
				CODE_SIGN_STYLE = Automatic;
				INFOPLIST_FILE = FlixTests/Info.plist;
				IPHONEOS_DEPLOYMENT_TARGET = 14.5;
				LD_RUNPATH_SEARCH_PATHS = (
					"$(inherited)",
					"@executable_path/Frameworks",
					"@loader_path/Frameworks",
				);
				PRODUCT_BUNDLE_IDENTIFIER = fangmichael11.FlixTests;
				PRODUCT_NAME = "$(TARGET_NAME)";
				SWIFT_VERSION = 5.0;
				TARGETED_DEVICE_FAMILY = "1,2";
				TEST_HOST = "$(BUILT_PRODUCTS_DIR)/Flix.app/Flix";
			};
			name = Debug;
		};
		64AE6CFB26D72E940025749D /* Release */ = {
			isa = XCBuildConfiguration;
			buildSettings = {
				ALWAYS_EMBED_SWIFT_STANDARD_LIBRARIES = YES;
				BUNDLE_LOADER = "$(TEST_HOST)";
				CODE_SIGN_STYLE = Automatic;
				INFOPLIST_FILE = FlixTests/Info.plist;
				IPHONEOS_DEPLOYMENT_TARGET = 14.5;
				LD_RUNPATH_SEARCH_PATHS = (
					"$(inherited)",
					"@executable_path/Frameworks",
					"@loader_path/Frameworks",
				);
				PRODUCT_BUNDLE_IDENTIFIER = fangmichael11.FlixTests;
				PRODUCT_NAME = "$(TARGET_NAME)";
				SWIFT_VERSION = 5.0;
				TARGETED_DEVICE_FAMILY = "1,2";
				TEST_HOST = "$(BUILT_PRODUCTS_DIR)/Flix.app/Flix";
			};
			name = Release;
		};
		64AE6CFD26D72E940025749D /* Debug */ = {
			isa = XCBuildConfiguration;
			buildSettings = {
				ALWAYS_EMBED_SWIFT_STANDARD_LIBRARIES = YES;
				CODE_SIGN_STYLE = Automatic;
				INFOPLIST_FILE = FlixUITests/Info.plist;
				LD_RUNPATH_SEARCH_PATHS = (
					"$(inherited)",
					"@executable_path/Frameworks",
					"@loader_path/Frameworks",
				);
				PRODUCT_BUNDLE_IDENTIFIER = fangmichael11.FlixUITests;
				PRODUCT_NAME = "$(TARGET_NAME)";
				SWIFT_VERSION = 5.0;
				TARGETED_DEVICE_FAMILY = "1,2";
				TEST_TARGET_NAME = Flix;
			};
			name = Debug;
		};
		64AE6CFE26D72E940025749D /* Release */ = {
			isa = XCBuildConfiguration;
			buildSettings = {
				ALWAYS_EMBED_SWIFT_STANDARD_LIBRARIES = YES;
				CODE_SIGN_STYLE = Automatic;
				INFOPLIST_FILE = FlixUITests/Info.plist;
				LD_RUNPATH_SEARCH_PATHS = (
					"$(inherited)",
					"@executable_path/Frameworks",
					"@loader_path/Frameworks",
				);
				PRODUCT_BUNDLE_IDENTIFIER = fangmichael11.FlixUITests;
				PRODUCT_NAME = "$(TARGET_NAME)";
				SWIFT_VERSION = 5.0;
				TARGETED_DEVICE_FAMILY = "1,2";
				TEST_TARGET_NAME = Flix;
			};
			name = Release;
		};
/* End XCBuildConfiguration section */

/* Begin XCConfigurationList section */
		64AE6CC726D72E940025749D /* Build configuration list for PBXProject "Flix" */ = {
			isa = XCConfigurationList;
			buildConfigurations = (
				64AE6CF426D72E940025749D /* Debug */,
				64AE6CF526D72E940025749D /* Release */,
			);
			defaultConfigurationIsVisible = 0;
			defaultConfigurationName = Release;
		};
		64AE6CF626D72E940025749D /* Build configuration list for PBXNativeTarget "Flix" */ = {
			isa = XCConfigurationList;
			buildConfigurations = (
				64AE6CF726D72E940025749D /* Debug */,
				64AE6CF826D72E940025749D /* Release */,
			);
			defaultConfigurationIsVisible = 0;
			defaultConfigurationName = Release;
		};
		64AE6CF926D72E940025749D /* Build configuration list for PBXNativeTarget "FlixTests" */ = {
			isa = XCConfigurationList;
			buildConfigurations = (
				64AE6CFA26D72E940025749D /* Debug */,
				64AE6CFB26D72E940025749D /* Release */,
			);
			defaultConfigurationIsVisible = 0;
			defaultConfigurationName = Release;
		};
		64AE6CFC26D72E940025749D /* Build configuration list for PBXNativeTarget "FlixUITests" */ = {
			isa = XCConfigurationList;
			buildConfigurations = (
				64AE6CFD26D72E940025749D /* Debug */,
				64AE6CFE26D72E940025749D /* Release */,
			);
			defaultConfigurationIsVisible = 0;
			defaultConfigurationName = Release;
		};
/* End XCConfigurationList section */
	};
	rootObject = 64AE6CC426D72E940025749D /* Project object */;
}
